
Microsoft Visual Studio Solution File, Format Version 12.00
# Visual Studio Version 17
VisualStudioVersion = 17.11.35222.181
MinimumVisualStudioVersion = 10.0.40219.1
Project("{FAE04EC0-301F-11D3-BF4B-00C04F79EFBC}") = "ConnectFour_Group2", "ConnectFour_Group2\ConnectFour_Group2.csproj", "{89AD2005-A02F-44AB-9EF4-0E799EBC505A}"
EndProject
Global
	GlobalSection(SolutionConfigurationPlatforms) = preSolution
		Debug|Any CPU = Debug|Any CPU
		Release|Any CPU = Release|Any CPU
	EndGlobalSection
	GlobalSection(ProjectConfigurationPlatforms) = postSolution
		{89AD2005-A02F-44AB-9EF4-0E799EBC505A}.Debug|Any CPU.ActiveCfg = Debug|Any CPU
		{89AD2005-A02F-44AB-9EF4-0E799EBC505A}.Debug|Any CPU.Build.0 = Debug|Any CPU
		{89AD2005-A02F-44AB-9EF4-0E799EBC505A}.Release|Any CPU.ActiveCfg = Release|Any CPU
		{89AD2005-A02F-44AB-9EF4-0E799EBC505A}.Release|Any CPU.Build.0 = Release|Any CPU
	EndGlobalSection
	GlobalSection(SolutionProperties) = preSolution
		HideSolutionNode = FALSE
	EndGlobalSection
	GlobalSection(ExtensibilityGlobals) = postSolution
		SolutionGuid = {FD5FDDC0-E9EE-4128-9713-5216B30AC209}
	EndGlobalSection
EndGlobal
