
Microsoft Visual Studio Solution File, Format Version 12.00
# Visual Studio Version 17
VisualStudioVersion = 17.11.35222.181
MinimumVisualStudioVersion = 10.0.40219.1
Project("{FAE04EC0-301F-11D3-BF4B-00C04F79EFBC}") = "CIS153_FinalProject", "CIS153_FinalProject\CIS153_FinalProject.csproj", "{64ECC3B2-6723-497B-9430-5BC156FE65BF}"
EndProject
Global
	GlobalSection(SolutionConfigurationPlatforms) = preSolution
		Debug|Any CPU = Debug|Any CPU
		Release|Any CPU = Release|Any CPU
	EndGlobalSection
	GlobalSection(ProjectConfigurationPlatforms) = postSolution
		{64ECC3B2-6723-497B-9430-5BC156FE65BF}.Debug|Any CPU.ActiveCfg = Debug|Any CPU
		{64ECC3B2-6723-497B-9430-5BC156FE65BF}.Debug|Any CPU.Build.0 = Debug|Any CPU
		{64ECC3B2-6723-497B-9430-5BC156FE65BF}.Release|Any CPU.ActiveCfg = Release|Any CPU
		{64ECC3B2-6723-497B-9430-5BC156FE65BF}.Release|Any CPU.Build.0 = Release|Any CPU
	EndGlobalSection
	GlobalSection(SolutionProperties) = preSolution
		HideSolutionNode = FALSE
	EndGlobalSection
	GlobalSection(ExtensibilityGlobals) = postSolution
		SolutionGuid = {89FDC6EA-C7B3-42FF-8EEC-604DB9580FCA}
	EndGlobalSection
EndGlobal
